
Microsoft Visual Studio Solution File, Format Version 12.00
# Visual Studio Version 17
VisualStudioVersion = 17.1.32407.343
MinimumVisualStudioVersion = 10.0.40219.1
Project("{FAE04EC0-301F-11D3-BF4B-00C04F79EFBC}") = "Advent 2023", "Advent 2023\Advent 2023.csproj", "{950F74C8-0678-4A6F-8640-F1DF9C083458}"
EndProject
Global
	GlobalSection(SolutionConfigurationPlatforms) = preSolution
		Debug|Any CPU = Debug|Any CPU
		Release|Any CPU = Release|Any CPU
	EndGlobalSection
	GlobalSection(ProjectConfigurationPlatforms) = postSolution
		{950F74C8-0678-4A6F-8640-F1DF9C083458}.Debug|Any CPU.ActiveCfg = Debug|Any CPU
		{950F74C8-0678-4A6F-8640-F1DF9C083458}.Debug|Any CPU.Build.0 = Debug|Any CPU
		{950F74C8-0678-4A6F-8640-F1DF9C083458}.Release|Any CPU.ActiveCfg = Release|Any CPU
		{950F74C8-0678-4A6F-8640-F1DF9C083458}.Release|Any CPU.Build.0 = Release|Any CPU
	EndGlobalSection
	GlobalSection(SolutionProperties) = preSolution
		HideSolutionNode = FALSE
	EndGlobalSection
	GlobalSection(ExtensibilityGlobals) = postSolution
		SolutionGuid = {51CA1962-1D41-4F3E-9682-59B4DBB772A8}
	EndGlobalSection
EndGlobal
